
Microsoft Visual Studio Solution File, Format Version 12.00
# Visual Studio Version 16
VisualStudioVersion = 16.0.31129.286
MinimumVisualStudioVersion = 10.0.40219.1
Project("{FAE04EC0-301F-11D3-BF4B-00C04F79EFBC}") = "2015Day1", "2015Day1\2015Day1.csproj", "{DC4E5BAE-9F57-473B-948C-BD3FFC759267}"
EndProject
Global
	GlobalSection(SolutionConfigurationPlatforms) = preSolution
		Debug|Any CPU = Debug|Any CPU
		Release|Any CPU = Release|Any CPU
	EndGlobalSection
	GlobalSection(ProjectConfigurationPlatforms) = postSolution
		{DC4E5BAE-9F57-473B-948C-BD3FFC759267}.Debug|Any CPU.ActiveCfg = Debug|Any CPU
		{DC4E5BAE-9F57-473B-948C-BD3FFC759267}.Debug|Any CPU.Build.0 = Debug|Any CPU
		{DC4E5BAE-9F57-473B-948C-BD3FFC759267}.Release|Any CPU.ActiveCfg = Release|Any CPU
		{DC4E5BAE-9F57-473B-948C-BD3FFC759267}.Release|Any CPU.Build.0 = Release|Any CPU
	EndGlobalSection
	GlobalSection(SolutionProperties) = preSolution
		HideSolutionNode = FALSE
	EndGlobalSection
	GlobalSection(ExtensibilityGlobals) = postSolution
		SolutionGuid = {8AECD4E4-E760-4189-AC1F-D92462666225}
	EndGlobalSection
EndGlobal
